
Microsoft Visual Studio Solution File, Format Version 12.00
# Visual Studio Version 16
VisualStudioVersion = 16.0.29102.190
MinimumVisualStudioVersion = 10.0.40219.1
Project("{FAE04EC0-301F-11D3-BF4B-00C04F79EFBC}") = "WpfApp1", "WpfApp1.csproj", "{30A69D1A-7417-4952-AA70-46340020B1FE}"
EndProject
Global
	GlobalSection(SolutionConfigurationPlatforms) = preSolution
		Debug|Any CPU = Debug|Any CPU
		Release|Any CPU = Release|Any CPU
	EndGlobalSection
	GlobalSection(ProjectConfigurationPlatforms) = postSolution
		{30A69D1A-7417-4952-AA70-46340020B1FE}.Debug|Any CPU.ActiveCfg = Debug|Any CPU
		{30A69D1A-7417-4952-AA70-46340020B1FE}.Debug|Any CPU.Build.0 = Debug|Any CPU
		{30A69D1A-7417-4952-AA70-46340020B1FE}.Release|Any CPU.ActiveCfg = Release|Any CPU
		{30A69D1A-7417-4952-AA70-46340020B1FE}.Release|Any CPU.Build.0 = Release|Any CPU
	EndGlobalSection
	GlobalSection(SolutionProperties) = preSolution
		HideSolutionNode = FALSE
	EndGlobalSection
	GlobalSection(ExtensibilityGlobals) = postSolution
		SolutionGuid = {C84C1866-D55A-4831-AE80-604742D74CBB}
	EndGlobalSection
EndGlobal
