
Microsoft Visual Studio Solution File, Format Version 12.00
# Visual Studio Version 16
VisualStudioVersion = 16.0.29102.190
MinimumVisualStudioVersion = 10.0.40219.1
Project("{FAE04EC0-301F-11D3-BF4B-00C04F79EFBC}") = "ConsoleApp1", "ConsoleApp1.csproj", "{C1BA9C51-C1D1-418A-8397-7096541639D9}"
EndProject
Global
	GlobalSection(SolutionConfigurationPlatforms) = preSolution
		Debug|Any CPU = Debug|Any CPU
		Release|Any CPU = Release|Any CPU
	EndGlobalSection
	GlobalSection(ProjectConfigurationPlatforms) = postSolution
		{C1BA9C51-C1D1-418A-8397-7096541639D9}.Debug|Any CPU.ActiveCfg = Debug|Any CPU
		{C1BA9C51-C1D1-418A-8397-7096541639D9}.Debug|Any CPU.Build.0 = Debug|Any CPU
		{C1BA9C51-C1D1-418A-8397-7096541639D9}.Release|Any CPU.ActiveCfg = Release|Any CPU
		{C1BA9C51-C1D1-418A-8397-7096541639D9}.Release|Any CPU.Build.0 = Release|Any CPU
	EndGlobalSection
	GlobalSection(SolutionProperties) = preSolution
		HideSolutionNode = FALSE
	EndGlobalSection
	GlobalSection(ExtensibilityGlobals) = postSolution
		SolutionGuid = {0A19911A-72CE-4D17-996C-6CCE5060A8F6}
	EndGlobalSection
EndGlobal
