
Microsoft Visual Studio Solution File, Format Version 12.00
# Visual Studio Version 16
VisualStudioVersion = 16.0.29102.190
MinimumVisualStudioVersion = 10.0.40219.1
Project("{FAE04EC0-301F-11D3-BF4B-00C04F79EFBC}") = "ConsoleApp1", "ConsoleApp1.csproj", "{85DAB8D5-E369-4D32-9D54-4A2B8B4DAD06}"
EndProject
Global
	GlobalSection(SolutionConfigurationPlatforms) = preSolution
		Debug|Any CPU = Debug|Any CPU
		Release|Any CPU = Release|Any CPU
	EndGlobalSection
	GlobalSection(ProjectConfigurationPlatforms) = postSolution
		{85DAB8D5-E369-4D32-9D54-4A2B8B4DAD06}.Debug|Any CPU.ActiveCfg = Debug|Any CPU
		{85DAB8D5-E369-4D32-9D54-4A2B8B4DAD06}.Debug|Any CPU.Build.0 = Debug|Any CPU
		{85DAB8D5-E369-4D32-9D54-4A2B8B4DAD06}.Release|Any CPU.ActiveCfg = Release|Any CPU
		{85DAB8D5-E369-4D32-9D54-4A2B8B4DAD06}.Release|Any CPU.Build.0 = Release|Any CPU
	EndGlobalSection
	GlobalSection(SolutionProperties) = preSolution
		HideSolutionNode = FALSE
	EndGlobalSection
	GlobalSection(ExtensibilityGlobals) = postSolution
		SolutionGuid = {981CB9D2-AAC7-45D7-BB30-68F59E0B15F5}
	EndGlobalSection
EndGlobal
